
Microsoft Visual Studio Solution File, Format Version 12.00
# Visual Studio 15
VisualStudioVersion = 15.0.27130.2010
MinimumVisualStudioVersion = 10.0.40219.1
Project("{9A19103F-16F7-4668-BE54-9A1E7A4F7556}") = "HOLMS.Platform", "HOLMS.Platform\HOLMS.Platform.csproj", "{D108093F-0489-4F30-AE0D-BB0C593DFC2F}"
EndProject
Project("{9A19103F-16F7-4668-BE54-9A1E7A4F7556}") = "HOLMS.Platform.Tests", "HOLMS.Platform.Tests\HOLMS.Platform.Tests.csproj", "{59C80EB7-19B6-4BDB-AF3F-3FD0C6AC5B3D}"
EndProject
Global
	GlobalSection(SolutionConfigurationPlatforms) = preSolution
		Debug|Any CPU = Debug|Any CPU
		Release|Any CPU = Release|Any CPU
	EndGlobalSection
	GlobalSection(ProjectConfigurationPlatforms) = postSolution
		{D108093F-0489-4F30-AE0D-BB0C593DFC2F}.Debug|Any CPU.ActiveCfg = Debug|Any CPU
		{D108093F-0489-4F30-AE0D-BB0C593DFC2F}.Debug|Any CPU.Build.0 = Debug|Any CPU
		{D108093F-0489-4F30-AE0D-BB0C593DFC2F}.Release|Any CPU.ActiveCfg = Release|Any CPU
		{D108093F-0489-4F30-AE0D-BB0C593DFC2F}.Release|Any CPU.Build.0 = Release|Any CPU
		{59C80EB7-19B6-4BDB-AF3F-3FD0C6AC5B3D}.Debug|Any CPU.ActiveCfg = Debug|Any CPU
		{59C80EB7-19B6-4BDB-AF3F-3FD0C6AC5B3D}.Debug|Any CPU.Build.0 = Debug|Any CPU
		{59C80EB7-19B6-4BDB-AF3F-3FD0C6AC5B3D}.Release|Any CPU.ActiveCfg = Release|Any CPU
		{59C80EB7-19B6-4BDB-AF3F-3FD0C6AC5B3D}.Release|Any CPU.Build.0 = Release|Any CPU
	EndGlobalSection
	GlobalSection(SolutionProperties) = preSolution
		HideSolutionNode = FALSE
	EndGlobalSection
	GlobalSection(ExtensibilityGlobals) = postSolution
		SolutionGuid = {46093D65-8756-4461-B092-1C55FE00DC55}
	EndGlobalSection
EndGlobal
